{
  "name": "js-plot-tools",
  "version": "0.0.1",
  "lockfileVersion": 2,
  "requires": true,
  "packages": {
    "": {
      "name": "js-plot-tools",
      "version": "0.0.1",
      "license": "ISC",
      "dependencies": {
        "@jrc03c/js-math-tools": "git+https://github.com/jrc03c/js-math-tools.git",
        "@jrc03c/make-key": "github:jrc03c/make-key"
      },
      "devDependencies": {}
    },
    "node_modules/@jrc03c/js-math-tools": {
      "version": "0.0.1",
      "resolved": "git+ssh://git@github.com/jrc03c/js-math-tools.git#2f544f96c12204ab431efdc2c000b2a32cfdc6e4",
      "integrity": "sha512-qBFUNjfazIuH6KznnhCb2yHtX/R9fX1mkhXe8pOm6aa/3i3BevbHc1A7F3AGv5xROW0Ohko5GBGldIctyFQslg==",
      "license": "ISC"
    },
    "node_modules/@jrc03c/make-key": {
      "version": "1.0.0",
      "resolved": "git+ssh://git@github.com/jrc03c/make-key.git#deb31d8ec96845439b23a94e55ddac29463c5845",
      "license": "ISC",
      "dependencies": {
        "@jrc03c/js-math-tools": "github:jrc03c/js-math-tools"
      },
      "bin": {
        "key": "bin.js",
        "makeKey": "bin.js"
      }
    }
  },
  "dependencies": {
    "@jrc03c/js-math-tools": {
      "version": "git+ssh://git@github.com/jrc03c/js-math-tools.git#2f544f96c12204ab431efdc2c000b2a32cfdc6e4",
      "from": "@jrc03c/js-math-tools@git+https://github.com/jrc03c/js-math-tools.git"
    },
    "@jrc03c/make-key": {
      "version": "git+ssh://git@github.com/jrc03c/make-key.git#deb31d8ec96845439b23a94e55ddac29463c5845",
      "from": "@jrc03c/make-key@https://github.com/jrc03c/make-key",
      "requires": {
        "@jrc03c/js-math-tools": "github:jrc03c/js-math-tools"
      }
    }
  }
}
