{
  "name": "js-plot-tools",
  "version": "0.0.1",
  "lockfileVersion": 1,
  "requires": true,
  "dependencies": {
    "@jrc03c/js-math-tools": {
      "version": "git+https://github.com/jrc03c/js-math-tools.git#2f544f96c12204ab431efdc2c000b2a32cfdc6e4",
      "from": "git+https://github.com/jrc03c/js-math-tools.git"
    }
  }
}
